
Microsoft Visual Studio Solution File, Format Version 12.00
# Visual Studio Version 16
VisualStudioVersion = 16.0.29503.13
MinimumVisualStudioVersion = 10.0.40219.1
Project("{FAE04EC0-301F-11D3-BF4B-00C04F79EFBC}") = "Vidly", "Vidly.csproj", "{6F428D73-BDDC-45E0-8376-B31E66C17158}"
EndProject
Global
	GlobalSection(SolutionConfigurationPlatforms) = preSolution
		Debug|Any CPU = Debug|Any CPU
		Release|Any CPU = Release|Any CPU
	EndGlobalSection
	GlobalSection(ProjectConfigurationPlatforms) = postSolution
		{6F428D73-BDDC-45E0-8376-B31E66C17158}.Debug|Any CPU.ActiveCfg = Debug|Any CPU
		{6F428D73-BDDC-45E0-8376-B31E66C17158}.Debug|Any CPU.Build.0 = Debug|Any CPU
		{6F428D73-BDDC-45E0-8376-B31E66C17158}.Release|Any CPU.ActiveCfg = Release|Any CPU
		{6F428D73-BDDC-45E0-8376-B31E66C17158}.Release|Any CPU.Build.0 = Release|Any CPU
	EndGlobalSection
	GlobalSection(SolutionProperties) = preSolution
		HideSolutionNode = FALSE
	EndGlobalSection
	GlobalSection(ExtensibilityGlobals) = postSolution
		SolutionGuid = {345D9357-3EC5-44F1-A8F0-4C84C7D0295D}
	EndGlobalSection
EndGlobal
